
Microsoft Visual Studio Solution File, Format Version 12.00
# Visual Studio Version 16
VisualStudioVersion = 16.0.30804.86
MinimumVisualStudioVersion = 10.0.40219.1
Project("{FAE04EC0-301F-11D3-BF4B-00C04F79EFBC}") = "example1", "example1\example1.csproj", "{1DC7FCDC-92A3-4966-8B5D-DEBB12D3FDEE}"
EndProject
Global
	GlobalSection(SolutionConfigurationPlatforms) = preSolution
		Debug|Any CPU = Debug|Any CPU
		Release|Any CPU = Release|Any CPU
	EndGlobalSection
	GlobalSection(ProjectConfigurationPlatforms) = postSolution
		{1DC7FCDC-92A3-4966-8B5D-DEBB12D3FDEE}.Debug|Any CPU.ActiveCfg = Debug|Any CPU
		{1DC7FCDC-92A3-4966-8B5D-DEBB12D3FDEE}.Debug|Any CPU.Build.0 = Debug|Any CPU
		{1DC7FCDC-92A3-4966-8B5D-DEBB12D3FDEE}.Release|Any CPU.ActiveCfg = Release|Any CPU
		{1DC7FCDC-92A3-4966-8B5D-DEBB12D3FDEE}.Release|Any CPU.Build.0 = Release|Any CPU
	EndGlobalSection
	GlobalSection(SolutionProperties) = preSolution
		HideSolutionNode = FALSE
	EndGlobalSection
	GlobalSection(ExtensibilityGlobals) = postSolution
		SolutionGuid = {4A1BC99C-507E-472C-9952-D3292FA83F77}
	EndGlobalSection
EndGlobal
